// !$*UTF8*$!
{
	archiveVersion = 1;
	classes = {
	};
	objectVersion = 56;
	objects = {

/* Begin PBXBuildFile section */
		F991FFDD2A337B7100727AA4 /* UserModel.swift in Sources */ = {isa = PBXBuildFile; fileRef = F991FFDC2A337B7100727AA4 /* UserModel.swift */; };
		F991FFDF2A337BF400727AA4 /* Result.swift in Sources */ = {isa = PBXBuildFile; fileRef = F991FFDE2A337BF400727AA4 /* Result.swift */; };
		F991FFE22A337C8100727AA4 /* AuthService.swift in Sources */ = {isa = PBXBuildFile; fileRef = F991FFE12A337C8100727AA4 /* AuthService.swift */; };
		F991FFE42A33806100727AA4 /* GoogleService-Info.plist in Resources */ = {isa = PBXBuildFile; fileRef = F991FFE32A33806100727AA4 /* GoogleService-Info.plist */; };
		F9F9D5952A336214001B81EA /* AppDelegate.swift in Sources */ = {isa = PBXBuildFile; fileRef = F9F9D5942A336214001B81EA /* AppDelegate.swift */; };
		F9F9D5972A336214001B81EA /* SceneDelegate.swift in Sources */ = {isa = PBXBuildFile; fileRef = F9F9D5962A336214001B81EA /* SceneDelegate.swift */; };
		F9F9D5992A336214001B81EA /* ViewController.swift in Sources */ = {isa = PBXBuildFile; fileRef = F9F9D5982A336214001B81EA /* ViewController.swift */; };
		F9F9D59C2A336214001B81EA /* Main.storyboard in Resources */ = {isa = PBXBuildFile; fileRef = F9F9D59A2A336214001B81EA /* Main.storyboard */; };
		F9F9D59E2A336217001B81EA /* Assets.xcassets in Resources */ = {isa = PBXBuildFile; fileRef = F9F9D59D2A336217001B81EA /* Assets.xcassets */; };
		F9F9D5A12A336217001B81EA /* LaunchScreen.storyboard in Resources */ = {isa = PBXBuildFile; fileRef = F9F9D59F2A336217001B81EA /* LaunchScreen.storyboard */; };
		F9F9D5AA2A33664F001B81EA /* SignInViewController.swift in Sources */ = {isa = PBXBuildFile; fileRef = F9F9D5A92A33664F001B81EA /* SignInViewController.swift */; };
		F9F9D5AC2A336668001B81EA /* SignUpViewController.swift in Sources */ = {isa = PBXBuildFile; fileRef = F9F9D5AB2A336668001B81EA /* SignUpViewController.swift */; };
		F9F9D5B02A336FD4001B81EA /* DashboardViewController.swift in Sources */ = {isa = PBXBuildFile; fileRef = F9F9D5AF2A336FD3001B81EA /* DashboardViewController.swift */; };
/* End PBXBuildFile section */

/* Begin PBXFileReference section */
		F991FFDC2A337B7100727AA4 /* UserModel.swift */ = {isa = PBXFileReference; lastKnownFileType = sourcecode.swift; path = UserModel.swift; sourceTree = "<group>"; };
		F991FFDE2A337BF400727AA4 /* Result.swift */ = {isa = PBXFileReference; lastKnownFileType = sourcecode.swift; path = Result.swift; sourceTree = "<group>"; };
		F991FFE12A337C8100727AA4 /* AuthService.swift */ = {isa = PBXFileReference; lastKnownFileType = sourcecode.swift; path = AuthService.swift; sourceTree = "<group>"; };
		F991FFE32A33806100727AA4 /* GoogleService-Info.plist */ = {isa = PBXFileReference; fileEncoding = 4; lastKnownFileType = text.plist.xml; path = "GoogleService-Info.plist"; sourceTree = "<group>"; };
		F9F9D5912A336214001B81EA /* FirebaseAuthentication.app */ = {isa = PBXFileReference; explicitFileType = wrapper.application; includeInIndex = 0; path = FirebaseAuthentication.app; sourceTree = BUILT_PRODUCTS_DIR; };
		F9F9D5942A336214001B81EA /* AppDelegate.swift */ = {isa = PBXFileReference; lastKnownFileType = sourcecode.swift; path = AppDelegate.swift; sourceTree = "<group>"; };
		F9F9D5962A336214001B81EA /* SceneDelegate.swift */ = {isa = PBXFileReference; lastKnownFileType = sourcecode.swift; path = SceneDelegate.swift; sourceTree = "<group>"; };
		F9F9D5982A336214001B81EA /* ViewController.swift */ = {isa = PBXFileReference; lastKnownFileType = sourcecode.swift; path = ViewController.swift; sourceTree = "<group>"; };
		F9F9D59B2A336214001B81EA /* Base */ = {isa = PBXFileReference; lastKnownFileType = file.storyboard; name = Base; path = Base.lproj/Main.storyboard; sourceTree = "<group>"; };
		F9F9D59D2A336217001B81EA /* Assets.xcassets */ = {isa = PBXFileReference; lastKnownFileType = folder.assetcatalog; path = Assets.xcassets; sourceTree = "<group>"; };
		F9F9D5A02A336217001B81EA /* Base */ = {isa = PBXFileReference; lastKnownFileType = file.storyboard; name = Base; path = Base.lproj/LaunchScreen.storyboard; sourceTree = "<group>"; };
		F9F9D5A22A336217001B81EA /* Info.plist */ = {isa = PBXFileReference; lastKnownFileType = text.plist.xml; path = Info.plist; sourceTree = "<group>"; };
		F9F9D5A92A33664F001B81EA /* SignInViewController.swift */ = {isa = PBXFileReference; lastKnownFileType = sourcecode.swift; path = SignInViewController.swift; sourceTree = "<group>"; };
		F9F9D5AB2A336668001B81EA /* SignUpViewController.swift */ = {isa = PBXFileReference; lastKnownFileType = sourcecode.swift; path = SignUpViewController.swift; sourceTree = "<group>"; };
		F9F9D5AF2A336FD3001B81EA /* DashboardViewController.swift */ = {isa = PBXFileReference; lastKnownFileType = sourcecode.swift; path = DashboardViewController.swift; sourceTree = "<group>"; };
/* End PBXFileReference section */

/* Begin PBXFrameworksBuildPhase section */
		F9F9D58E2A336214001B81EA /* Frameworks */ = {
			isa = PBXFrameworksBuildPhase;
			buildActionMask = 2147483647;
			files = (
			);
			runOnlyForDeploymentPostprocessing = 0;
		};
/* End PBXFrameworksBuildPhase section */

/* Begin PBXGroup section */
		F991FFE02A337C5D00727AA4 /* service */ = {
			isa = PBXGroup;
			children = (
				F991FFE12A337C8100727AA4 /* AuthService.swift */,
			);
			path = service;
			sourceTree = "<group>";
		};
		F9F9D5882A336214001B81EA = {
			isa = PBXGroup;
			children = (
				F9F9D5932A336214001B81EA /* FirebaseAuthentication */,
				F9F9D5922A336214001B81EA /* Products */,
			);
			sourceTree = "<group>";
		};
		F9F9D5922A336214001B81EA /* Products */ = {
			isa = PBXGroup;
			children = (
				F9F9D5912A336214001B81EA /* FirebaseAuthentication.app */,
			);
			name = Products;
			sourceTree = "<group>";
		};
		F9F9D5932A336214001B81EA /* FirebaseAuthentication */ = {
			isa = PBXGroup;
			children = (
				F991FFE02A337C5D00727AA4 /* service */,
				F9F9D5AE2A33695A001B81EA /* utils */,
				F9F9D5AD2A33693A001B81EA /* model */,
				F9F9D5A82A336553001B81EA /* controller */,
				F9F9D5942A336214001B81EA /* AppDelegate.swift */,
				F9F9D5962A336214001B81EA /* SceneDelegate.swift */,
				F9F9D59A2A336214001B81EA /* Main.storyboard */,
				F9F9D59D2A336217001B81EA /* Assets.xcassets */,
				F9F9D59F2A336217001B81EA /* LaunchScreen.storyboard */,
				F9F9D5A22A336217001B81EA /* Info.plist */,
				F991FFE32A33806100727AA4 /* GoogleService-Info.plist */,
			);
			path = FirebaseAuthentication;
			sourceTree = "<group>";
		};
		F9F9D5A82A336553001B81EA /* controller */ = {
			isa = PBXGroup;
			children = (
				F9F9D5982A336214001B81EA /* ViewController.swift */,
				F9F9D5A92A33664F001B81EA /* SignInViewController.swift */,
				F9F9D5AB2A336668001B81EA /* SignUpViewController.swift */,
				F9F9D5AF2A336FD3001B81EA /* DashboardViewController.swift */,
			);
			path = controller;
			sourceTree = "<group>";
		};
		F9F9D5AD2A33693A001B81EA /* model */ = {
			isa = PBXGroup;
			children = (
				F991FFDC2A337B7100727AA4 /* UserModel.swift */,
			);
			path = model;
			sourceTree = "<group>";
		};
		F9F9D5AE2A33695A001B81EA /* utils */ = {
			isa = PBXGroup;
			children = (
				F991FFDE2A337BF400727AA4 /* Result.swift */,
			);
			path = utils;
			sourceTree = "<group>";
		};
/* End PBXGroup section */

/* Begin PBXNativeTarget section */
		F9F9D5902A336214001B81EA /* FirebaseAuthentication */ = {
			isa = PBXNativeTarget;
			buildConfigurationList = F9F9D5A52A336217001B81EA /* Build configuration list for PBXNativeTarget "FirebaseAuthentication" */;
			buildPhases = (
				F9F9D58D2A336214001B81EA /* Sources */,
				F9F9D58E2A336214001B81EA /* Frameworks */,
				F9F9D58F2A336214001B81EA /* Resources */,
			);
			buildRules = (
			);
			dependencies = (
			);
			name = FirebaseAuthentication;
			productName = FirebaseAuthentication;
			productReference = F9F9D5912A336214001B81EA /* FirebaseAuthentication.app */;
			productType = "com.apple.product-type.application";
		};
/* End PBXNativeTarget section */

/* Begin PBXProject section */
		F9F9D5892A336214001B81EA /* Project object */ = {
			isa = PBXProject;
			attributes = {
				BuildIndependentTargetsInParallel = 1;
				LastSwiftUpdateCheck = 1430;
				LastUpgradeCheck = 1430;
				TargetAttributes = {
					F9F9D5902A336214001B81EA = {
						CreatedOnToolsVersion = 14.3.1;
					};
				};
			};
			buildConfigurationList = F9F9D58C2A336214001B81EA /* Build configuration list for PBXProject "FirebaseAuthentication" */;
			compatibilityVersion = "Xcode 14.0";
			developmentRegion = en;
			hasScannedForEncodings = 0;
			knownRegions = (
				en,
				Base,
			);
			mainGroup = F9F9D5882A336214001B81EA;
			productRefGroup = F9F9D5922A336214001B81EA /* Products */;
			projectDirPath = "";
			projectRoot = "";
			targets = (
				F9F9D5902A336214001B81EA /* FirebaseAuthentication */,
			);
		};
/* End PBXProject section */

/* Begin PBXResourcesBuildPhase section */
		F9F9D58F2A336214001B81EA /* Resources */ = {
			isa = PBXResourcesBuildPhase;
			buildActionMask = 2147483647;
			files = (
				F9F9D5A12A336217001B81EA /* LaunchScreen.storyboard in Resources */,
				F991FFE42A33806100727AA4 /* GoogleService-Info.plist in Resources */,
				F9F9D59E2A336217001B81EA /* Assets.xcassets in Resources */,
				F9F9D59C2A336214001B81EA /* Main.storyboard in Resources */,
			);
			runOnlyForDeploymentPostprocessing = 0;
		};
/* End PBXResourcesBuildPhase section */

/* Begin PBXSourcesBuildPhase section */
		F9F9D58D2A336214001B81EA /* Sources */ = {
			isa = PBXSourcesBuildPhase;
			buildActionMask = 2147483647;
			files = (
				F9F9D5AA2A33664F001B81EA /* SignInViewController.swift in Sources */,
				F991FFDD2A337B7100727AA4 /* UserModel.swift in Sources */,
				F9F9D5B02A336FD4001B81EA /* DashboardViewController.swift in Sources */,
				F991FFE22A337C8100727AA4 /* AuthService.swift in Sources */,
				F9F9D5992A336214001B81EA /* ViewController.swift in Sources */,
				F9F9D5952A336214001B81EA /* AppDelegate.swift in Sources */,
				F9F9D5972A336214001B81EA /* SceneDelegate.swift in Sources */,
				F991FFDF2A337BF400727AA4 /* Result.swift in Sources */,
				F9F9D5AC2A336668001B81EA /* SignUpViewController.swift in Sources */,
			);
			runOnlyForDeploymentPostprocessing = 0;
		};
/* End PBXSourcesBuildPhase section */

/* Begin PBXVariantGroup section */
		F9F9D59A2A336214001B81EA /* Main.storyboard */ = {
			isa = PBXVariantGroup;
			children = (
				F9F9D59B2A336214001B81EA /* Base */,
			);
			name = Main.storyboard;
			sourceTree = "<group>";
		};
		F9F9D59F2A336217001B81EA /* LaunchScreen.storyboard */ = {
			isa = PBXVariantGroup;
			children = (
				F9F9D5A02A336217001B81EA /* Base */,
			);
			name = LaunchScreen.storyboard;
			sourceTree = "<group>";
		};
/* End PBXVariantGroup section */

/* Begin XCBuildConfiguration section */
		F9F9D5A32A336217001B81EA /* Debug */ = {
			isa = XCBuildConfiguration;
			buildSettings = {
				ALWAYS_SEARCH_USER_PATHS = NO;
				CLANG_ANALYZER_NONNULL = YES;
				CLANG_ANALYZER_NUMBER_OBJECT_CONVERSION = YES_AGGRESSIVE;
				CLANG_CXX_LANGUAGE_STANDARD = "gnu++20";
				CLANG_ENABLE_MODULES = YES;
				CLANG_ENABLE_OBJC_ARC = YES;
				CLANG_ENABLE_OBJC_WEAK = YES;
				CLANG_WARN_BLOCK_CAPTURE_AUTORELEASING = YES;
				CLANG_WARN_BOOL_CONVERSION = YES;
				CLANG_WARN_COMMA = YES;
				CLANG_WARN_CONSTANT_CONVERSION = YES;
				CLANG_WARN_DEPRECATED_OBJC_IMPLEMENTATIONS = YES;
				CLANG_WARN_DIRECT_OBJC_ISA_USAGE = YES_ERROR;
				CLANG_WARN_DOCUMENTATION_COMMENTS = YES;
				CLANG_WARN_EMPTY_BODY = YES;
				CLANG_WARN_ENUM_CONVERSION = YES;
				CLANG_WARN_INFINITE_RECURSION = YES;
				CLANG_WARN_INT_CONVERSION = YES;
				CLANG_WARN_NON_LITERAL_NULL_CONVERSION = YES;
				CLANG_WARN_OBJC_IMPLICIT_RETAIN_SELF = YES;
				CLANG_WARN_OBJC_LITERAL_CONVERSION = YES;
				CLANG_WARN_OBJC_ROOT_CLASS = YES_ERROR;
				CLANG_WARN_QUOTED_INCLUDE_IN_FRAMEWORK_HEADER = YES;
				CLANG_WARN_RANGE_LOOP_ANALYSIS = YES;
				CLANG_WARN_STRICT_PROTOTYPES = YES;
				CLANG_WARN_SUSPICIOUS_MOVE = YES;
				CLANG_WARN_UNGUARDED_AVAILABILITY = YES_AGGRESSIVE;
				CLANG_WARN_UNREACHABLE_CODE = YES;
				CLANG_WARN__DUPLICATE_METHOD_MATCH = YES;
				COPY_PHASE_STRIP = NO;
				DEBUG_INFORMATION_FORMAT = dwarf;
				ENABLE_STRICT_OBJC_MSGSEND = YES;
				ENABLE_TESTABILITY = YES;
				GCC_C_LANGUAGE_STANDARD = gnu11;
				GCC_DYNAMIC_NO_PIC = NO;
				GCC_NO_COMMON_BLOCKS = YES;
				GCC_OPTIMIZATION_LEVEL = 0;
				GCC_PREPROCESSOR_DEFINITIONS = (
					"DEBUG=1",
					"$(inherited)",
				);
				GCC_WARN_64_TO_32_BIT_CONVERSION = YES;
				GCC_WARN_ABOUT_RETURN_TYPE = YES_ERROR;
				GCC_WARN_UNDECLARED_SELECTOR = YES;
				GCC_WARN_UNINITIALIZED_AUTOS = YES_AGGRESSIVE;
				GCC_WARN_UNUSED_FUNCTION = YES;
				GCC_WARN_UNUSED_VARIABLE = YES;
				IPHONEOS_DEPLOYMENT_TARGET = 16.4;
				MTL_ENABLE_DEBUG_INFO = INCLUDE_SOURCE;
				MTL_FAST_MATH = YES;
				ONLY_ACTIVE_ARCH = YES;
				SDKROOT = iphoneos;
				SWIFT_ACTIVE_COMPILATION_CONDITIONS = DEBUG;
				SWIFT_OPTIMIZATION_LEVEL = "-Onone";
			};
			name = Debug;
		};
		F9F9D5A42A336217001B81EA /* Release */ = {
			isa = XCBuildConfiguration;
			buildSettings = {
				ALWAYS_SEARCH_USER_PATHS = NO;
				CLANG_ANALYZER_NONNULL = YES;
				CLANG_ANALYZER_NUMBER_OBJECT_CONVERSION = YES_AGGRESSIVE;
				CLANG_CXX_LANGUAGE_STANDARD = "gnu++20";
				CLANG_ENABLE_MODULES = YES;
				CLANG_ENABLE_OBJC_ARC = YES;
				CLANG_ENABLE_OBJC_WEAK = YES;
				CLANG_WARN_BLOCK_CAPTURE_AUTORELEASING = YES;
				CLANG_WARN_BOOL_CONVERSION = YES;
				CLANG_WARN_COMMA = YES;
				CLANG_WARN_CONSTANT_CONVERSION = YES;
				CLANG_WARN_DEPRECATED_OBJC_IMPLEMENTATIONS = YES;
				CLANG_WARN_DIRECT_OBJC_ISA_USAGE = YES_ERROR;
				CLANG_WARN_DOCUMENTATION_COMMENTS = YES;
				CLANG_WARN_EMPTY_BODY = YES;
				CLANG_WARN_ENUM_CONVERSION = YES;
				CLANG_WARN_INFINITE_RECURSION = YES;
				CLANG_WARN_INT_CONVERSION = YES;
				CLANG_WARN_NON_LITERAL_NULL_CONVERSION = YES;
				CLANG_WARN_OBJC_IMPLICIT_RETAIN_SELF = YES;
				CLANG_WARN_OBJC_LITERAL_CONVERSION = YES;
				CLANG_WARN_OBJC_ROOT_CLASS = YES_ERROR;
				CLANG_WARN_QUOTED_INCLUDE_IN_FRAMEWORK_HEADER = YES;
				CLANG_WARN_RANGE_LOOP_ANALYSIS = YES;
				CLANG_WARN_STRICT_PROTOTYPES = YES;
				CLANG_WARN_SUSPICIOUS_MOVE = YES;
				CLANG_WARN_UNGUARDED_AVAILABILITY = YES_AGGRESSIVE;
				CLANG_WARN_UNREACHABLE_CODE = YES;
				CLANG_WARN__DUPLICATE_METHOD_MATCH = YES;
				COPY_PHASE_STRIP = NO;
				DEBUG_INFORMATION_FORMAT = "dwarf-with-dsym";
				ENABLE_NS_ASSERTIONS = NO;
				ENABLE_STRICT_OBJC_MSGSEND = YES;
				GCC_C_LANGUAGE_STANDARD = gnu11;
				GCC_NO_COMMON_BLOCKS = YES;
				GCC_WARN_64_TO_32_BIT_CONVERSION = YES;
				GCC_WARN_ABOUT_RETURN_TYPE = YES_ERROR;
				GCC_WARN_UNDECLARED_SELECTOR = YES;
				GCC_WARN_UNINITIALIZED_AUTOS = YES_AGGRESSIVE;
				GCC_WARN_UNUSED_FUNCTION = YES;
				GCC_WARN_UNUSED_VARIABLE = YES;
				IPHONEOS_DEPLOYMENT_TARGET = 16.4;
				MTL_ENABLE_DEBUG_INFO = NO;
				MTL_FAST_MATH = YES;
				SDKROOT = iphoneos;
				SWIFT_COMPILATION_MODE = wholemodule;
				SWIFT_OPTIMIZATION_LEVEL = "-O";
				VALIDATE_PRODUCT = YES;
			};
			name = Release;
		};
		F9F9D5A62A336217001B81EA /* Debug */ = {
			isa = XCBuildConfiguration;
			buildSettings = {
				ASSETCATALOG_COMPILER_APPICON_NAME = AppIcon;
				ASSETCATALOG_COMPILER_GLOBAL_ACCENT_COLOR_NAME = AccentColor;
				CODE_SIGN_STYLE = Automatic;
				CURRENT_PROJECT_VERSION = 1;
				GENERATE_INFOPLIST_FILE = YES;
				INFOPLIST_FILE = FirebaseAuthentication/Info.plist;
				INFOPLIST_KEY_UIApplicationSupportsIndirectInputEvents = YES;
				INFOPLIST_KEY_UILaunchStoryboardName = LaunchScreen;
				INFOPLIST_KEY_UIMainStoryboardFile = Main;
				INFOPLIST_KEY_UISupportedInterfaceOrientations_iPad = "UIInterfaceOrientationPortrait UIInterfaceOrientationPortraitUpsideDown UIInterfaceOrientationLandscapeLeft UIInterfaceOrientationLandscapeRight";
				INFOPLIST_KEY_UISupportedInterfaceOrientations_iPhone = "UIInterfaceOrientationPortrait UIInterfaceOrientationLandscapeLeft UIInterfaceOrientationLandscapeRight";
				LD_RUNPATH_SEARCH_PATHS = (
					"$(inherited)",
					"@executable_path/Frameworks",
				);
				MARKETING_VERSION = 1.0;
				PRODUCT_BUNDLE_IDENTIFIER = com.testproject.FirebaseAuthentication;
				PRODUCT_NAME = "$(TARGET_NAME)";
				SWIFT_EMIT_LOC_STRINGS = YES;
				SWIFT_VERSION = 5.0;
				TARGETED_DEVICE_FAMILY = "1,2";
			};
			name = Debug;
		};
		F9F9D5A72A336217001B81EA /* Release */ = {
			isa = XCBuildConfiguration;
			buildSettings = {
				ASSETCATALOG_COMPILER_APPICON_NAME = AppIcon;
				ASSETCATALOG_COMPILER_GLOBAL_ACCENT_COLOR_NAME = AccentColor;
				CODE_SIGN_STYLE = Automatic;
				CURRENT_PROJECT_VERSION = 1;
				GENERATE_INFOPLIST_FILE = YES;
				INFOPLIST_FILE = FirebaseAuthentication/Info.plist;
				INFOPLIST_KEY_UIApplicationSupportsIndirectInputEvents = YES;
				INFOPLIST_KEY_UILaunchStoryboardName = LaunchScreen;
				INFOPLIST_KEY_UIMainStoryboardFile = Main;
				INFOPLIST_KEY_UISupportedInterfaceOrientations_iPad = "UIInterfaceOrientationPortrait UIInterfaceOrientationPortraitUpsideDown UIInterfaceOrientationLandscapeLeft UIInterfaceOrientationLandscapeRight";
				INFOPLIST_KEY_UISupportedInterfaceOrientations_iPhone = "UIInterfaceOrientationPortrait UIInterfaceOrientationLandscapeLeft UIInterfaceOrientationLandscapeRight";
				LD_RUNPATH_SEARCH_PATHS = (
					"$(inherited)",
					"@executable_path/Frameworks",
				);
				MARKETING_VERSION = 1.0;
				PRODUCT_BUNDLE_IDENTIFIER = com.testproject.FirebaseAuthentication;
				PRODUCT_NAME = "$(TARGET_NAME)";
				SWIFT_EMIT_LOC_STRINGS = YES;
				SWIFT_VERSION = 5.0;
				TARGETED_DEVICE_FAMILY = "1,2";
			};
			name = Release;
		};
/* End XCBuildConfiguration section */

/* Begin XCConfigurationList section */
		F9F9D58C2A336214001B81EA /* Build configuration list for PBXProject "FirebaseAuthentication" */ = {
			isa = XCConfigurationList;
			buildConfigurations = (
				F9F9D5A32A336217001B81EA /* Debug */,
				F9F9D5A42A336217001B81EA /* Release */,
			);
			defaultConfigurationIsVisible = 0;
			defaultConfigurationName = Release;
		};
		F9F9D5A52A336217001B81EA /* Build configuration list for PBXNativeTarget "FirebaseAuthentication" */ = {
			isa = XCConfigurationList;
			buildConfigurations = (
				F9F9D5A62A336217001B81EA /* Debug */,
				F9F9D5A72A336217001B81EA /* Release */,
			);
			defaultConfigurationIsVisible = 0;
			defaultConfigurationName = Release;
		};
/* End XCConfigurationList section */
	};
	rootObject = F9F9D5892A336214001B81EA /* Project object */;
}
